// !$*UTF8*$!
{
	archiveVersion = 1;
	classes = {
	};
	objectVersion = 56;
	objects = {

/* Begin PBXBuildFile section */
		846003FE2A1FFE64005D3FEA /* MainTabView.swift in Sources */ = {isa = PBXBuildFile; fileRef = 846003FD2A1FFE64005D3FEA /* MainTabView.swift */; };
		846004002A200821005D3FEA /* ProfileView.swift in Sources */ = {isa = PBXBuildFile; fileRef = 846003FF2A200821005D3FEA /* ProfileView.swift */; };
		84F8BB7E2A1CB5FF0049BDEF /* UberCloneApp.swift in Sources */ = {isa = PBXBuildFile; fileRef = 84F8BB7D2A1CB5FF0049BDEF /* UberCloneApp.swift */; };
		84F8BB802A1CB5FF0049BDEF /* ContentView.swift in Sources */ = {isa = PBXBuildFile; fileRef = 84F8BB7F2A1CB5FF0049BDEF /* ContentView.swift */; };
		84F8BB822A1CB6010049BDEF /* Assets.xcassets in Resources */ = {isa = PBXBuildFile; fileRef = 84F8BB812A1CB6010049BDEF /* Assets.xcassets */; };
		84F8BB852A1CB6010049BDEF /* Preview Assets.xcassets in Resources */ = {isa = PBXBuildFile; fileRef = 84F8BB842A1CB6010049BDEF /* Preview Assets.xcassets */; };
/* End PBXBuildFile section */

/* Begin PBXContainerItemProxy section */
		84F8BB8B2A1CB6010049BDEF /* PBXContainerItemProxy */ = {
			isa = PBXContainerItemProxy;
			containerPortal = 84F8BB722A1CB5FF0049BDEF /* Project object */;
			proxyType = 1;
			remoteGlobalIDString = 84F8BB792A1CB5FF0049BDEF;
			remoteInfo = UberClone;
		};
		84F8BB952A1CB6010049BDEF /* PBXContainerItemProxy */ = {
			isa = PBXContainerItemProxy;
			containerPortal = 84F8BB722A1CB5FF0049BDEF /* Project object */;
			proxyType = 1;
			remoteGlobalIDString = 84F8BB792A1CB5FF0049BDEF;
			remoteInfo = UberClone;
		};
/* End PBXContainerItemProxy section */

/* Begin PBXFileReference section */
		846003FD2A1FFE64005D3FEA /* MainTabView.swift */ = {isa = PBXFileReference; lastKnownFileType = sourcecode.swift; path = MainTabView.swift; sourceTree = "<group>"; };
		846003FF2A200821005D3FEA /* ProfileView.swift */ = {isa = PBXFileReference; lastKnownFileType = sourcecode.swift; path = ProfileView.swift; sourceTree = "<group>"; };
		84F8BB7A2A1CB5FF0049BDEF /* UberClone.app */ = {isa = PBXFileReference; explicitFileType = wrapper.application; includeInIndex = 0; path = UberClone.app; sourceTree = BUILT_PRODUCTS_DIR; };
		84F8BB7D2A1CB5FF0049BDEF /* UberCloneApp.swift */ = {isa = PBXFileReference; lastKnownFileType = sourcecode.swift; path = UberCloneApp.swift; sourceTree = "<group>"; };
		84F8BB7F2A1CB5FF0049BDEF /* ContentView.swift */ = {isa = PBXFileReference; lastKnownFileType = sourcecode.swift; path = ContentView.swift; sourceTree = "<group>"; };
		84F8BB812A1CB6010049BDEF /* Assets.xcassets */ = {isa = PBXFileReference; lastKnownFileType = folder.assetcatalog; path = Assets.xcassets; sourceTree = "<group>"; };
		84F8BB842A1CB6010049BDEF /* Preview Assets.xcassets */ = {isa = PBXFileReference; lastKnownFileType = folder.assetcatalog; path = "Preview Assets.xcassets"; sourceTree = "<group>"; };
		84F8BB8A2A1CB6010049BDEF /* UberCloneTests.xctest */ = {isa = PBXFileReference; explicitFileType = wrapper.cfbundle; includeInIndex = 0; path = UberCloneTests.xctest; sourceTree = BUILT_PRODUCTS_DIR; };
		84F8BB942A1CB6010049BDEF /* UberCloneUITests.xctest */ = {isa = PBXFileReference; explicitFileType = wrapper.cfbundle; includeInIndex = 0; path = UberCloneUITests.xctest; sourceTree = BUILT_PRODUCTS_DIR; };
/* End PBXFileReference section */

/* Begin PBXFrameworksBuildPhase section */
		84F8BB772A1CB5FF0049BDEF /* Frameworks */ = {
			isa = PBXFrameworksBuildPhase;
			buildActionMask = 2147483647;
			files = (
			);
			runOnlyForDeploymentPostprocessing = 0;
		};
		84F8BB872A1CB6010049BDEF /* Frameworks */ = {
			isa = PBXFrameworksBuildPhase;
			buildActionMask = 2147483647;
			files = (
			);
			runOnlyForDeploymentPostprocessing = 0;
		};
		84F8BB912A1CB6010049BDEF /* Frameworks */ = {
			isa = PBXFrameworksBuildPhase;
			buildActionMask = 2147483647;
			files = (
			);
			runOnlyForDeploymentPostprocessing = 0;
		};
/* End PBXFrameworksBuildPhase section */

/* Begin PBXGroup section */
		846003F02A1FFA7A005D3FEA /* App */ = {
			isa = PBXGroup;
			children = (
				84F8BB7D2A1CB5FF0049BDEF /* UberCloneApp.swift */,
			);
			path = App;
			sourceTree = "<group>";
		};
		846003F12A1FFA82005D3FEA /* Core */ = {
			isa = PBXGroup;
			children = (
				846003F52A1FFBE0005D3FEA /* Feed */,
				846003FA2A1FFC40005D3FEA /* UploadPost */,
				846003F92A1FFC31005D3FEA /* TabBar */,
				846003F42A1FFBD0005D3FEA /* Authentication */,
				846003F82A1FFBF5005D3FEA /* Search */,
				846003F72A1FFBEC005D3FEA /* Root */,
				846003F62A1FFBE6005D3FEA /* Profile */,
			);
			path = Core;
			sourceTree = "<group>";
		};
		846003F22A1FFAD8005D3FEA /* Services */ = {
			isa = PBXGroup;
			children = (
			);
			path = Services;
			sourceTree = "<group>";
		};
		846003F32A1FFADD005D3FEA /* Extensions */ = {
			isa = PBXGroup;
			children = (
			);
			path = Extensions;
			sourceTree = "<group>";
		};
		846003F42A1FFBD0005D3FEA /* Authentication */ = {
			isa = PBXGroup;
			children = (
			);
			path = Authentication;
			sourceTree = "<group>";
		};
		846003F52A1FFBE0005D3FEA /* Feed */ = {
			isa = PBXGroup;
			children = (
			);
			path = Feed;
			sourceTree = "<group>";
		};
		846003F62A1FFBE6005D3FEA /* Profile */ = {
			isa = PBXGroup;
			children = (
				846003FF2A200821005D3FEA /* ProfileView.swift */,
			);
			path = Profile;
			sourceTree = "<group>";
		};
		846003F72A1FFBEC005D3FEA /* Root */ = {
			isa = PBXGroup;
			children = (
			);
			path = Root;
			sourceTree = "<group>";
		};
		846003F82A1FFBF5005D3FEA /* Search */ = {
			isa = PBXGroup;
			children = (
			);
			path = Search;
			sourceTree = "<group>";
		};
		846003F92A1FFC31005D3FEA /* TabBar */ = {
			isa = PBXGroup;
			children = (
				846003FD2A1FFE64005D3FEA /* MainTabView.swift */,
			);
			path = TabBar;
			sourceTree = "<group>";
		};
		846003FA2A1FFC40005D3FEA /* UploadPost */ = {
			isa = PBXGroup;
			children = (
			);
			path = UploadPost;
			sourceTree = "<group>";
		};
		84F8BB712A1CB5FF0049BDEF = {
			isa = PBXGroup;
			children = (
				84F8BB7C2A1CB5FF0049BDEF /* UberClone */,
				84F8BB7B2A1CB5FF0049BDEF /* Products */,
			);
			sourceTree = "<group>";
		};
		84F8BB7B2A1CB5FF0049BDEF /* Products */ = {
			isa = PBXGroup;
			children = (
				84F8BB7A2A1CB5FF0049BDEF /* UberClone.app */,
				84F8BB8A2A1CB6010049BDEF /* UberCloneTests.xctest */,
				84F8BB942A1CB6010049BDEF /* UberCloneUITests.xctest */,
			);
			name = Products;
			sourceTree = "<group>";
		};
		84F8BB7C2A1CB5FF0049BDEF /* UberClone */ = {
			isa = PBXGroup;
			children = (
				846003F32A1FFADD005D3FEA /* Extensions */,
				846003F22A1FFAD8005D3FEA /* Services */,
				846003F12A1FFA82005D3FEA /* Core */,
				846003F02A1FFA7A005D3FEA /* App */,
				84F8BBA72A1CB6310049BDEF /* Model */,
				84F8BB7F2A1CB5FF0049BDEF /* ContentView.swift */,
				84F8BB812A1CB6010049BDEF /* Assets.xcassets */,
				84F8BB832A1CB6010049BDEF /* Preview Content */,
			);
			path = UberClone;
			sourceTree = "<group>";
		};
		84F8BB832A1CB6010049BDEF /* Preview Content */ = {
			isa = PBXGroup;
			children = (
				84F8BB842A1CB6010049BDEF /* Preview Assets.xcassets */,
			);
			path = "Preview Content";
			sourceTree = "<group>";
		};
		84F8BBA72A1CB6310049BDEF /* Model */ = {
			isa = PBXGroup;
			children = (
			);
			path = Model;
			sourceTree = "<group>";
		};
/* End PBXGroup section */

/* Begin PBXNativeTarget section */
		84F8BB792A1CB5FF0049BDEF /* UberClone */ = {
			isa = PBXNativeTarget;
			buildConfigurationList = 84F8BB9E2A1CB6010049BDEF /* Build configuration list for PBXNativeTarget "UberClone" */;
			buildPhases = (
				84F8BB762A1CB5FF0049BDEF /* Sources */,
				84F8BB772A1CB5FF0049BDEF /* Frameworks */,
				84F8BB782A1CB5FF0049BDEF /* Resources */,
			);
			buildRules = (
			);
			dependencies = (
			);
			name = UberClone;
			productName = UberClone;
			productReference = 84F8BB7A2A1CB5FF0049BDEF /* UberClone.app */;
			productType = "com.apple.product-type.application";
		};
		84F8BB892A1CB6010049BDEF /* UberCloneTests */ = {
			isa = PBXNativeTarget;
			buildConfigurationList = 84F8BBA12A1CB6010049BDEF /* Build configuration list for PBXNativeTarget "UberCloneTests" */;
			buildPhases = (
				84F8BB862A1CB6010049BDEF /* Sources */,
				84F8BB872A1CB6010049BDEF /* Frameworks */,
				84F8BB882A1CB6010049BDEF /* Resources */,
			);
			buildRules = (
			);
			dependencies = (
				84F8BB8C2A1CB6010049BDEF /* PBXTargetDependency */,
			);
			name = UberCloneTests;
			productName = UberCloneTests;
			productReference = 84F8BB8A2A1CB6010049BDEF /* UberCloneTests.xctest */;
			productType = "com.apple.product-type.bundle.unit-test";
		};
		84F8BB932A1CB6010049BDEF /* UberCloneUITests */ = {
			isa = PBXNativeTarget;
			buildConfigurationList = 84F8BBA42A1CB6010049BDEF /* Build configuration list for PBXNativeTarget "UberCloneUITests" */;
			buildPhases = (
				84F8BB902A1CB6010049BDEF /* Sources */,
				84F8BB912A1CB6010049BDEF /* Frameworks */,
				84F8BB922A1CB6010049BDEF /* Resources */,
			);
			buildRules = (
			);
			dependencies = (
				84F8BB962A1CB6010049BDEF /* PBXTargetDependency */,
			);
			name = UberCloneUITests;
			productName = UberCloneUITests;
			productReference = 84F8BB942A1CB6010049BDEF /* UberCloneUITests.xctest */;
			productType = "com.apple.product-type.bundle.ui-testing";
		};
/* End PBXNativeTarget section */

/* Begin PBXProject section */
		84F8BB722A1CB5FF0049BDEF /* Project object */ = {
			isa = PBXProject;
			attributes = {
				BuildIndependentTargetsInParallel = 1;
				LastSwiftUpdateCheck = 1430;
				LastUpgradeCheck = 1430;
				TargetAttributes = {
					84F8BB792A1CB5FF0049BDEF = {
						CreatedOnToolsVersion = 14.3;
					};
					84F8BB892A1CB6010049BDEF = {
						CreatedOnToolsVersion = 14.3;
						TestTargetID = 84F8BB792A1CB5FF0049BDEF;
					};
					84F8BB932A1CB6010049BDEF = {
						CreatedOnToolsVersion = 14.3;
						TestTargetID = 84F8BB792A1CB5FF0049BDEF;
					};
				};
			};
			buildConfigurationList = 84F8BB752A1CB5FF0049BDEF /* Build configuration list for PBXProject "UberClone" */;
			compatibilityVersion = "Xcode 14.0";
			developmentRegion = en;
			hasScannedForEncodings = 0;
			knownRegions = (
				en,
				Base,
			);
			mainGroup = 84F8BB712A1CB5FF0049BDEF;
			productRefGroup = 84F8BB7B2A1CB5FF0049BDEF /* Products */;
			projectDirPath = "";
			projectRoot = "";
			targets = (
				84F8BB792A1CB5FF0049BDEF /* UberClone */,
				84F8BB892A1CB6010049BDEF /* UberCloneTests */,
				84F8BB932A1CB6010049BDEF /* UberCloneUITests */,
			);
		};
/* End PBXProject section */

/* Begin PBXResourcesBuildPhase section */
		84F8BB782A1CB5FF0049BDEF /* Resources */ = {
			isa = PBXResourcesBuildPhase;
			buildActionMask = 2147483647;
			files = (
				84F8BB852A1CB6010049BDEF /* Preview Assets.xcassets in Resources */,
				84F8BB822A1CB6010049BDEF /* Assets.xcassets in Resources */,
			);
			runOnlyForDeploymentPostprocessing = 0;
		};
		84F8BB882A1CB6010049BDEF /* Resources */ = {
			isa = PBXResourcesBuildPhase;
			buildActionMask = 2147483647;
			files = (
			);
			runOnlyForDeploymentPostprocessing = 0;
		};
		84F8BB922A1CB6010049BDEF /* Resources */ = {
			isa = PBXResourcesBuildPhase;
			buildActionMask = 2147483647;
			files = (
			);
			runOnlyForDeploymentPostprocessing = 0;
		};
/* End PBXResourcesBuildPhase section */

/* Begin PBXSourcesBuildPhase section */
		84F8BB762A1CB5FF0049BDEF /* Sources */ = {
			isa = PBXSourcesBuildPhase;
			buildActionMask = 2147483647;
			files = (
				846004002A200821005D3FEA /* ProfileView.swift in Sources */,
				84F8BB802A1CB5FF0049BDEF /* ContentView.swift in Sources */,
				84F8BB7E2A1CB5FF0049BDEF /* UberCloneApp.swift in Sources */,
				846003FE2A1FFE64005D3FEA /* MainTabView.swift in Sources */,
			);
			runOnlyForDeploymentPostprocessing = 0;
		};
		84F8BB862A1CB6010049BDEF /* Sources */ = {
			isa = PBXSourcesBuildPhase;
			buildActionMask = 2147483647;
			files = (
			);
			runOnlyForDeploymentPostprocessing = 0;
		};
		84F8BB902A1CB6010049BDEF /* Sources */ = {
			isa = PBXSourcesBuildPhase;
			buildActionMask = 2147483647;
			files = (
			);
			runOnlyForDeploymentPostprocessing = 0;
		};
/* End PBXSourcesBuildPhase section */

/* Begin PBXTargetDependency section */
		84F8BB8C2A1CB6010049BDEF /* PBXTargetDependency */ = {
			isa = PBXTargetDependency;
			target = 84F8BB792A1CB5FF0049BDEF /* UberClone */;
			targetProxy = 84F8BB8B2A1CB6010049BDEF /* PBXContainerItemProxy */;
		};
		84F8BB962A1CB6010049BDEF /* PBXTargetDependency */ = {
			isa = PBXTargetDependency;
			target = 84F8BB792A1CB5FF0049BDEF /* UberClone */;
			targetProxy = 84F8BB952A1CB6010049BDEF /* PBXContainerItemProxy */;
		};
/* End PBXTargetDependency section */

/* Begin XCBuildConfiguration section */
		84F8BB9C2A1CB6010049BDEF /* Debug */ = {
			isa = XCBuildConfiguration;
			buildSettings = {
				ALWAYS_SEARCH_USER_PATHS = NO;
				CLANG_ANALYZER_NONNULL = YES;
				CLANG_ANALYZER_NUMBER_OBJECT_CONVERSION = YES_AGGRESSIVE;
				CLANG_CXX_LANGUAGE_STANDARD = "gnu++20";
				CLANG_ENABLE_MODULES = YES;
				CLANG_ENABLE_OBJC_ARC = YES;
				CLANG_ENABLE_OBJC_WEAK = YES;
				CLANG_WARN_BLOCK_CAPTURE_AUTORELEASING = YES;
				CLANG_WARN_BOOL_CONVERSION = YES;
				CLANG_WARN_COMMA = YES;
				CLANG_WARN_CONSTANT_CONVERSION = YES;
				CLANG_WARN_DEPRECATED_OBJC_IMPLEMENTATIONS = YES;
				CLANG_WARN_DIRECT_OBJC_ISA_USAGE = YES_ERROR;
				CLANG_WARN_DOCUMENTATION_COMMENTS = YES;
				CLANG_WARN_EMPTY_BODY = YES;
				CLANG_WARN_ENUM_CONVERSION = YES;
				CLANG_WARN_INFINITE_RECURSION = YES;
				CLANG_WARN_INT_CONVERSION = YES;
				CLANG_WARN_NON_LITERAL_NULL_CONVERSION = YES;
				CLANG_WARN_OBJC_IMPLICIT_RETAIN_SELF = YES;
				CLANG_WARN_OBJC_LITERAL_CONVERSION = YES;
				CLANG_WARN_OBJC_ROOT_CLASS = YES_ERROR;
				CLANG_WARN_QUOTED_INCLUDE_IN_FRAMEWORK_HEADER = YES;
				CLANG_WARN_RANGE_LOOP_ANALYSIS = YES;
				CLANG_WARN_STRICT_PROTOTYPES = YES;
				CLANG_WARN_SUSPICIOUS_MOVE = YES;
				CLANG_WARN_UNGUARDED_AVAILABILITY = YES_AGGRESSIVE;
				CLANG_WARN_UNREACHABLE_CODE = YES;
				CLANG_WARN__DUPLICATE_METHOD_MATCH = YES;
				COPY_PHASE_STRIP = NO;
				DEBUG_INFORMATION_FORMAT = dwarf;
				ENABLE_STRICT_OBJC_MSGSEND = YES;
				ENABLE_TESTABILITY = YES;
				GCC_C_LANGUAGE_STANDARD = gnu11;
				GCC_DYNAMIC_NO_PIC = NO;
				GCC_NO_COMMON_BLOCKS = YES;
				GCC_OPTIMIZATION_LEVEL = 0;
				GCC_PREPROCESSOR_DEFINITIONS = (
					"DEBUG=1",
					"$(inherited)",
				);
				GCC_WARN_64_TO_32_BIT_CONVERSION = YES;
				GCC_WARN_ABOUT_RETURN_TYPE = YES_ERROR;
				GCC_WARN_UNDECLARED_SELECTOR = YES;
				GCC_WARN_UNINITIALIZED_AUTOS = YES_AGGRESSIVE;
				GCC_WARN_UNUSED_FUNCTION = YES;
				GCC_WARN_UNUSED_VARIABLE = YES;
				IPHONEOS_DEPLOYMENT_TARGET = 16.4;
				MTL_ENABLE_DEBUG_INFO = INCLUDE_SOURCE;
				MTL_FAST_MATH = YES;
				ONLY_ACTIVE_ARCH = YES;
				SDKROOT = iphoneos;
				SWIFT_ACTIVE_COMPILATION_CONDITIONS = DEBUG;
				SWIFT_OPTIMIZATION_LEVEL = "-Onone";
			};
			name = Debug;
		};
		84F8BB9D2A1CB6010049BDEF /* Release */ = {
			isa = XCBuildConfiguration;
			buildSettings = {
				ALWAYS_SEARCH_USER_PATHS = NO;
				CLANG_ANALYZER_NONNULL = YES;
				CLANG_ANALYZER_NUMBER_OBJECT_CONVERSION = YES_AGGRESSIVE;
				CLANG_CXX_LANGUAGE_STANDARD = "gnu++20";
				CLANG_ENABLE_MODULES = YES;
				CLANG_ENABLE_OBJC_ARC = YES;
				CLANG_ENABLE_OBJC_WEAK = YES;
				CLANG_WARN_BLOCK_CAPTURE_AUTORELEASING = YES;
				CLANG_WARN_BOOL_CONVERSION = YES;
				CLANG_WARN_COMMA = YES;
				CLANG_WARN_CONSTANT_CONVERSION = YES;
				CLANG_WARN_DEPRECATED_OBJC_IMPLEMENTATIONS = YES;
				CLANG_WARN_DIRECT_OBJC_ISA_USAGE = YES_ERROR;
				CLANG_WARN_DOCUMENTATION_COMMENTS = YES;
				CLANG_WARN_EMPTY_BODY = YES;
				CLANG_WARN_ENUM_CONVERSION = YES;
				CLANG_WARN_INFINITE_RECURSION = YES;
				CLANG_WARN_INT_CONVERSION = YES;
				CLANG_WARN_NON_LITERAL_NULL_CONVERSION = YES;
				CLANG_WARN_OBJC_IMPLICIT_RETAIN_SELF = YES;
				CLANG_WARN_OBJC_LITERAL_CONVERSION = YES;
				CLANG_WARN_OBJC_ROOT_CLASS = YES_ERROR;
				CLANG_WARN_QUOTED_INCLUDE_IN_FRAMEWORK_HEADER = YES;
				CLANG_WARN_RANGE_LOOP_ANALYSIS = YES;
				CLANG_WARN_STRICT_PROTOTYPES = YES;
				CLANG_WARN_SUSPICIOUS_MOVE = YES;
				CLANG_WARN_UNGUARDED_AVAILABILITY = YES_AGGRESSIVE;
				CLANG_WARN_UNREACHABLE_CODE = YES;
				CLANG_WARN__DUPLICATE_METHOD_MATCH = YES;
				COPY_PHASE_STRIP = NO;
				DEBUG_INFORMATION_FORMAT = "dwarf-with-dsym";
				ENABLE_NS_ASSERTIONS = NO;
				ENABLE_STRICT_OBJC_MSGSEND = YES;
				GCC_C_LANGUAGE_STANDARD = gnu11;
				GCC_NO_COMMON_BLOCKS = YES;
				GCC_WARN_64_TO_32_BIT_CONVERSION = YES;
				GCC_WARN_ABOUT_RETURN_TYPE = YES_ERROR;
				GCC_WARN_UNDECLARED_SELECTOR = YES;
				GCC_WARN_UNINITIALIZED_AUTOS = YES_AGGRESSIVE;
				GCC_WARN_UNUSED_FUNCTION = YES;
				GCC_WARN_UNUSED_VARIABLE = YES;
				IPHONEOS_DEPLOYMENT_TARGET = 16.4;
				MTL_ENABLE_DEBUG_INFO = NO;
				MTL_FAST_MATH = YES;
				SDKROOT = iphoneos;
				SWIFT_COMPILATION_MODE = wholemodule;
				SWIFT_OPTIMIZATION_LEVEL = "-O";
				VALIDATE_PRODUCT = YES;
			};
			name = Release;
		};
		84F8BB9F2A1CB6010049BDEF /* Debug */ = {
			isa = XCBuildConfiguration;
			buildSettings = {
				ASSETCATALOG_COMPILER_APPICON_NAME = AppIcon;
				ASSETCATALOG_COMPILER_GLOBAL_ACCENT_COLOR_NAME = AccentColor;
				CODE_SIGN_STYLE = Automatic;
				CURRENT_PROJECT_VERSION = 1;
				DEVELOPMENT_ASSET_PATHS = "\"UberClone/Preview Content\"";
				ENABLE_PREVIEWS = YES;
				GENERATE_INFOPLIST_FILE = YES;
				INFOPLIST_KEY_UIApplicationSceneManifest_Generation = YES;
				INFOPLIST_KEY_UIApplicationSupportsIndirectInputEvents = YES;
				INFOPLIST_KEY_UILaunchScreen_Generation = YES;
				INFOPLIST_KEY_UISupportedInterfaceOrientations_iPad = "UIInterfaceOrientationPortrait UIInterfaceOrientationPortraitUpsideDown UIInterfaceOrientationLandscapeLeft UIInterfaceOrientationLandscapeRight";
				INFOPLIST_KEY_UISupportedInterfaceOrientations_iPhone = "UIInterfaceOrientationPortrait UIInterfaceOrientationLandscapeLeft UIInterfaceOrientationLandscapeRight";
				LD_RUNPATH_SEARCH_PATHS = (
					"$(inherited)",
					"@executable_path/Frameworks",
				);
				MARKETING_VERSION = 1.0;
				PRODUCT_BUNDLE_IDENTIFIER = com.lorenzonavarro.UberClone;
				PRODUCT_NAME = "$(TARGET_NAME)";
				SWIFT_EMIT_LOC_STRINGS = YES;
				SWIFT_VERSION = 5.0;
				TARGETED_DEVICE_FAMILY = "1,2";
			};
			name = Debug;
		};
		84F8BBA02A1CB6010049BDEF /* Release */ = {
			isa = XCBuildConfiguration;
			buildSettings = {
				ASSETCATALOG_COMPILER_APPICON_NAME = AppIcon;
				ASSETCATALOG_COMPILER_GLOBAL_ACCENT_COLOR_NAME = AccentColor;
				CODE_SIGN_STYLE = Automatic;
				CURRENT_PROJECT_VERSION = 1;
				DEVELOPMENT_ASSET_PATHS = "\"UberClone/Preview Content\"";
				ENABLE_PREVIEWS = YES;
				GENERATE_INFOPLIST_FILE = YES;
				INFOPLIST_KEY_UIApplicationSceneManifest_Generation = YES;
				INFOPLIST_KEY_UIApplicationSupportsIndirectInputEvents = YES;
				INFOPLIST_KEY_UILaunchScreen_Generation = YES;
				INFOPLIST_KEY_UISupportedInterfaceOrientations_iPad = "UIInterfaceOrientationPortrait UIInterfaceOrientationPortraitUpsideDown UIInterfaceOrientationLandscapeLeft UIInterfaceOrientationLandscapeRight";
				INFOPLIST_KEY_UISupportedInterfaceOrientations_iPhone = "UIInterfaceOrientationPortrait UIInterfaceOrientationLandscapeLeft UIInterfaceOrientationLandscapeRight";
				LD_RUNPATH_SEARCH_PATHS = (
					"$(inherited)",
					"@executable_path/Frameworks",
				);
				MARKETING_VERSION = 1.0;
				PRODUCT_BUNDLE_IDENTIFIER = com.lorenzonavarro.UberClone;
				PRODUCT_NAME = "$(TARGET_NAME)";
				SWIFT_EMIT_LOC_STRINGS = YES;
				SWIFT_VERSION = 5.0;
				TARGETED_DEVICE_FAMILY = "1,2";
			};
			name = Release;
		};
		84F8BBA22A1CB6010049BDEF /* Debug */ = {
			isa = XCBuildConfiguration;
			buildSettings = {
				ALWAYS_EMBED_SWIFT_STANDARD_LIBRARIES = YES;
				BUNDLE_LOADER = "$(TEST_HOST)";
				CODE_SIGN_STYLE = Automatic;
				CURRENT_PROJECT_VERSION = 1;
				GENERATE_INFOPLIST_FILE = YES;
				IPHONEOS_DEPLOYMENT_TARGET = 16.4;
				MARKETING_VERSION = 1.0;
				PRODUCT_BUNDLE_IDENTIFIER = com.lorenzonavarro.UberCloneTests;
				PRODUCT_NAME = "$(TARGET_NAME)";
				SWIFT_EMIT_LOC_STRINGS = NO;
				SWIFT_VERSION = 5.0;
				TARGETED_DEVICE_FAMILY = "1,2";
				TEST_HOST = "$(BUILT_PRODUCTS_DIR)/UberClone.app/$(BUNDLE_EXECUTABLE_FOLDER_PATH)/UberClone";
			};
			name = Debug;
		};
		84F8BBA32A1CB6010049BDEF /* Release */ = {
			isa = XCBuildConfiguration;
			buildSettings = {
				ALWAYS_EMBED_SWIFT_STANDARD_LIBRARIES = YES;
				BUNDLE_LOADER = "$(TEST_HOST)";
				CODE_SIGN_STYLE = Automatic;
				CURRENT_PROJECT_VERSION = 1;
				GENERATE_INFOPLIST_FILE = YES;
				IPHONEOS_DEPLOYMENT_TARGET = 16.4;
				MARKETING_VERSION = 1.0;
				PRODUCT_BUNDLE_IDENTIFIER = com.lorenzonavarro.UberCloneTests;
				PRODUCT_NAME = "$(TARGET_NAME)";
				SWIFT_EMIT_LOC_STRINGS = NO;
				SWIFT_VERSION = 5.0;
				TARGETED_DEVICE_FAMILY = "1,2";
				TEST_HOST = "$(BUILT_PRODUCTS_DIR)/UberClone.app/$(BUNDLE_EXECUTABLE_FOLDER_PATH)/UberClone";
			};
			name = Release;
		};
		84F8BBA52A1CB6010049BDEF /* Debug */ = {
			isa = XCBuildConfiguration;
			buildSettings = {
				ALWAYS_EMBED_SWIFT_STANDARD_LIBRARIES = YES;
				CODE_SIGN_STYLE = Automatic;
				CURRENT_PROJECT_VERSION = 1;
				GENERATE_INFOPLIST_FILE = YES;
				MARKETING_VERSION = 1.0;
				PRODUCT_BUNDLE_IDENTIFIER = com.lorenzonavarro.UberCloneUITests;
				PRODUCT_NAME = "$(TARGET_NAME)";
				SWIFT_EMIT_LOC_STRINGS = NO;
				SWIFT_VERSION = 5.0;
				TARGETED_DEVICE_FAMILY = "1,2";
				TEST_TARGET_NAME = UberClone;
			};
			name = Debug;
		};
		84F8BBA62A1CB6010049BDEF /* Release */ = {
			isa = XCBuildConfiguration;
			buildSettings = {
				ALWAYS_EMBED_SWIFT_STANDARD_LIBRARIES = YES;
				CODE_SIGN_STYLE = Automatic;
				CURRENT_PROJECT_VERSION = 1;
				GENERATE_INFOPLIST_FILE = YES;
				MARKETING_VERSION = 1.0;
				PRODUCT_BUNDLE_IDENTIFIER = com.lorenzonavarro.UberCloneUITests;
				PRODUCT_NAME = "$(TARGET_NAME)";
				SWIFT_EMIT_LOC_STRINGS = NO;
				SWIFT_VERSION = 5.0;
				TARGETED_DEVICE_FAMILY = "1,2";
				TEST_TARGET_NAME = UberClone;
			};
			name = Release;
		};
/* End XCBuildConfiguration section */

/* Begin XCConfigurationList section */
		84F8BB752A1CB5FF0049BDEF /* Build configuration list for PBXProject "UberClone" */ = {
			isa = XCConfigurationList;
			buildConfigurations = (
				84F8BB9C2A1CB6010049BDEF /* Debug */,
				84F8BB9D2A1CB6010049BDEF /* Release */,
			);
			defaultConfigurationIsVisible = 0;
			defaultConfigurationName = Release;
		};
		84F8BB9E2A1CB6010049BDEF /* Build configuration list for PBXNativeTarget "UberClone" */ = {
			isa = XCConfigurationList;
			buildConfigurations = (
				84F8BB9F2A1CB6010049BDEF /* Debug */,
				84F8BBA02A1CB6010049BDEF /* Release */,
			);
			defaultConfigurationIsVisible = 0;
			defaultConfigurationName = Release;
		};
		84F8BBA12A1CB6010049BDEF /* Build configuration list for PBXNativeTarget "UberCloneTests" */ = {
			isa = XCConfigurationList;
			buildConfigurations = (
				84F8BBA22A1CB6010049BDEF /* Debug */,
				84F8BBA32A1CB6010049BDEF /* Release */,
			);
			defaultConfigurationIsVisible = 0;
			defaultConfigurationName = Release;
		};
		84F8BBA42A1CB6010049BDEF /* Build configuration list for PBXNativeTarget "UberCloneUITests" */ = {
			isa = XCConfigurationList;
			buildConfigurations = (
				84F8BBA52A1CB6010049BDEF /* Debug */,
				84F8BBA62A1CB6010049BDEF /* Release */,
			);
			defaultConfigurationIsVisible = 0;
			defaultConfigurationName = Release;
		};
/* End XCConfigurationList section */
	};
	rootObject = 84F8BB722A1CB5FF0049BDEF /* Project object */;
}
